
Microsoft Visual Studio Solution File, Format Version 12.00
# Visual Studio Version 17
VisualStudioVersion = 17.11.35312.102
MinimumVisualStudioVersion = 10.0.40219.1
Project("{FAE04EC0-301F-11D3-BF4B-00C04F79EFBC}") = "S3.Demo.API", "S3.Demo.API\S3.Demo.API.csproj", "{B8A2A3E6-FF77-441A-9079-8D3E5CBCFA09}"
EndProject
Global
	GlobalSection(SolutionConfigurationPlatforms) = preSolution
		Debug|Any CPU = Debug|Any CPU
		Release|Any CPU = Release|Any CPU
	EndGlobalSection
	GlobalSection(ProjectConfigurationPlatforms) = postSolution
		{B8A2A3E6-FF77-441A-9079-8D3E5CBCFA09}.Debug|Any CPU.ActiveCfg = Debug|Any CPU
		{B8A2A3E6-FF77-441A-9079-8D3E5CBCFA09}.Debug|Any CPU.Build.0 = Debug|Any CPU
		{B8A2A3E6-FF77-441A-9079-8D3E5CBCFA09}.Release|Any CPU.ActiveCfg = Release|Any CPU
		{B8A2A3E6-FF77-441A-9079-8D3E5CBCFA09}.Release|Any CPU.Build.0 = Release|Any CPU
	EndGlobalSection
	GlobalSection(SolutionProperties) = preSolution
		HideSolutionNode = FALSE
	EndGlobalSection
	GlobalSection(ExtensibilityGlobals) = postSolution
		SolutionGuid = {3D20658A-7A53-42BD-B066-4D600D47EE7B}
	EndGlobalSection
EndGlobal
